
Microsoft Visual Studio Solution File, Format Version 12.00
# Visual Studio Version 17
VisualStudioVersion = 17.11.35219.272
MinimumVisualStudioVersion = 10.0.40219.1
Project("{9A19103F-16F7-4668-BE54-9A1E7A4F7556}") = "Emprevo.CarPark.Model", "Emprevo.CarPark.Model\Emprevo.CarPark.Model.csproj", "{47604952-88C9-41AF-B635-6C2E95445EF5}"
EndProject
Project("{9A19103F-16F7-4668-BE54-9A1E7A4F7556}") = "Emprevo.CarPark.Test", "Emprevo.CarPark.Test\Emprevo.CarPark.Test.csproj", "{CA9732C6-112B-4CF4-BDD1-2251E21B674F}"
EndProject
Project("{9A19103F-16F7-4668-BE54-9A1E7A4F7556}") = "Emprevo.CarPark.Service", "Emprevo.CarPark.Service\Emprevo.CarPark.Service.csproj", "{9963A5DF-CD30-400B-9D9D-89B5730A6897}"
EndProject
Project("{FAE04EC0-301F-11D3-BF4B-00C04F79EFBC}") = "Emprevo.CarkPark.Engine.Impl", "Emprevo.CarkPark.Engine.Impl\Emprevo.CarkPark.Engine.Impl.csproj", "{B42A6FBD-12D1-4137-A371-9CFA6C1D50E6}"
EndProject
Global
	GlobalSection(SolutionConfigurationPlatforms) = preSolution
		Debug|Any CPU = Debug|Any CPU
		Release|Any CPU = Release|Any CPU
	EndGlobalSection
	GlobalSection(ProjectConfigurationPlatforms) = postSolution
		{47604952-88C9-41AF-B635-6C2E95445EF5}.Debug|Any CPU.ActiveCfg = Debug|Any CPU
		{47604952-88C9-41AF-B635-6C2E95445EF5}.Debug|Any CPU.Build.0 = Debug|Any CPU
		{47604952-88C9-41AF-B635-6C2E95445EF5}.Release|Any CPU.ActiveCfg = Release|Any CPU
		{47604952-88C9-41AF-B635-6C2E95445EF5}.Release|Any CPU.Build.0 = Release|Any CPU
		{CA9732C6-112B-4CF4-BDD1-2251E21B674F}.Debug|Any CPU.ActiveCfg = Debug|Any CPU
		{CA9732C6-112B-4CF4-BDD1-2251E21B674F}.Debug|Any CPU.Build.0 = Debug|Any CPU
		{CA9732C6-112B-4CF4-BDD1-2251E21B674F}.Release|Any CPU.ActiveCfg = Release|Any CPU
		{CA9732C6-112B-4CF4-BDD1-2251E21B674F}.Release|Any CPU.Build.0 = Release|Any CPU
		{9963A5DF-CD30-400B-9D9D-89B5730A6897}.Debug|Any CPU.ActiveCfg = Debug|Any CPU
		{9963A5DF-CD30-400B-9D9D-89B5730A6897}.Debug|Any CPU.Build.0 = Debug|Any CPU
		{9963A5DF-CD30-400B-9D9D-89B5730A6897}.Release|Any CPU.ActiveCfg = Release|Any CPU
		{9963A5DF-CD30-400B-9D9D-89B5730A6897}.Release|Any CPU.Build.0 = Release|Any CPU
		{B42A6FBD-12D1-4137-A371-9CFA6C1D50E6}.Debug|Any CPU.ActiveCfg = Debug|Any CPU
		{B42A6FBD-12D1-4137-A371-9CFA6C1D50E6}.Debug|Any CPU.Build.0 = Debug|Any CPU
		{B42A6FBD-12D1-4137-A371-9CFA6C1D50E6}.Release|Any CPU.ActiveCfg = Release|Any CPU
		{B42A6FBD-12D1-4137-A371-9CFA6C1D50E6}.Release|Any CPU.Build.0 = Release|Any CPU
	EndGlobalSection
	GlobalSection(SolutionProperties) = preSolution
		HideSolutionNode = FALSE
	EndGlobalSection
	GlobalSection(ExtensibilityGlobals) = postSolution
		SolutionGuid = {921FECFB-992C-4C94-8F32-E00516C7D65D}
	EndGlobalSection
EndGlobal
